
Microsoft Visual Studio Solution File, Format Version 12.00
Project("{FAE04EC0-301F-11D3-BF4B-00C04F79EFBC}") = "YarnGuardian", "YarnGuardian\YarnGuardian.csproj", "{94E0DCF0-A35E-46DC-B1EC-E5AF8B2B155C}"
EndProject
Global
	GlobalSection(SolutionConfigurationPlatforms) = preSolution
		Debug|Any CPU = Debug|Any CPU
		Release|Any CPU = Release|Any CPU
	EndGlobalSection
	GlobalSection(ProjectConfigurationPlatforms) = postSolution
		{94E0DCF0-A35E-46DC-B1EC-E5AF8B2B155C}.Debug|Any CPU.ActiveCfg = Debug|Any CPU
		{94E0DCF0-A35E-46DC-B1EC-E5AF8B2B155C}.Debug|Any CPU.Build.0 = Debug|Any CPU
		{94E0DCF0-A35E-46DC-B1EC-E5AF8B2B155C}.Release|Any CPU.ActiveCfg = Release|Any CPU
		{94E0DCF0-A35E-46DC-B1EC-E5AF8B2B155C}.Release|Any CPU.Build.0 = Release|Any CPU
	EndGlobalSection
EndGlobal
